
Microsoft Visual Studio Solution File, Format Version 12.00
# Visual Studio 2012
Project("{8BC9CEB8-8B4A-11D0-8D11-00A0C91BC942}") = "Jx3ZhuTools", "Jx3ZhuTools\Jx3ZhuTools.vcxproj", "{95FC1AA2-D9CB-4F8F-97D9-A9041C95D725}"
EndProject
Project("{8BC9CEB8-8B4A-11D0-8D11-00A0C91BC942}") = "Jx3ZhuToolsCode", "Jx3ZhuToolsCode\Jx3ZhuToolsCode.vcxproj", "{1565F05B-20B7-4352-9F70-6EF39689C13D}"
EndProject
Global
	GlobalSection(SolutionConfigurationPlatforms) = preSolution
		Debug|Win32 = Debug|Win32
		Release|Win32 = Release|Win32
	EndGlobalSection
	GlobalSection(ProjectConfigurationPlatforms) = postSolution
		{95FC1AA2-D9CB-4F8F-97D9-A9041C95D725}.Debug|Win32.ActiveCfg = Debug|Win32
		{95FC1AA2-D9CB-4F8F-97D9-A9041C95D725}.Debug|Win32.Build.0 = Debug|Win32
		{95FC1AA2-D9CB-4F8F-97D9-A9041C95D725}.Release|Win32.ActiveCfg = Release|Win32
		{95FC1AA2-D9CB-4F8F-97D9-A9041C95D725}.Release|Win32.Build.0 = Release|Win32
		{1565F05B-20B7-4352-9F70-6EF39689C13D}.Debug|Win32.ActiveCfg = Debug|Win32
		{1565F05B-20B7-4352-9F70-6EF39689C13D}.Debug|Win32.Build.0 = Debug|Win32
		{1565F05B-20B7-4352-9F70-6EF39689C13D}.Release|Win32.ActiveCfg = Release|Win32
		{1565F05B-20B7-4352-9F70-6EF39689C13D}.Release|Win32.Build.0 = Release|Win32
	EndGlobalSection
	GlobalSection(SolutionProperties) = preSolution
		HideSolutionNode = FALSE
	EndGlobalSection
EndGlobal
